
Microsoft Visual Studio Solution File, Format Version 12.00
# Visual Studio Version 16
VisualStudioVersion = 16.0.31410.357
MinimumVisualStudioVersion = 10.0.40219.1
Project("{9A19103F-16F7-4668-BE54-9A1E7A4F7556}") = "Apteka.API", "Apteka.API\Apteka.API.csproj", "{86F9780B-309D-4850-9285-1F94E71728E2}"
EndProject
Project("{FAE04EC0-301F-11D3-BF4B-00C04F79EFBC}") = "Apteka.Client", "Apteka.Client\Apteka.Client.csproj", "{A148C915-6BBB-457C-9B31-E48F32D422B2}"
EndProject
Global
	GlobalSection(SolutionConfigurationPlatforms) = preSolution
		Debug|Any CPU = Debug|Any CPU
		Release|Any CPU = Release|Any CPU
	EndGlobalSection
	GlobalSection(ProjectConfigurationPlatforms) = postSolution
		{86F9780B-309D-4850-9285-1F94E71728E2}.Debug|Any CPU.ActiveCfg = Debug|Any CPU
		{86F9780B-309D-4850-9285-1F94E71728E2}.Debug|Any CPU.Build.0 = Debug|Any CPU
		{86F9780B-309D-4850-9285-1F94E71728E2}.Release|Any CPU.ActiveCfg = Release|Any CPU
		{86F9780B-309D-4850-9285-1F94E71728E2}.Release|Any CPU.Build.0 = Release|Any CPU
		{A148C915-6BBB-457C-9B31-E48F32D422B2}.Debug|Any CPU.ActiveCfg = Debug|Any CPU
		{A148C915-6BBB-457C-9B31-E48F32D422B2}.Debug|Any CPU.Build.0 = Debug|Any CPU
		{A148C915-6BBB-457C-9B31-E48F32D422B2}.Release|Any CPU.ActiveCfg = Release|Any CPU
		{A148C915-6BBB-457C-9B31-E48F32D422B2}.Release|Any CPU.Build.0 = Release|Any CPU
	EndGlobalSection
	GlobalSection(SolutionProperties) = preSolution
		HideSolutionNode = FALSE
	EndGlobalSection
	GlobalSection(ExtensibilityGlobals) = postSolution
		SolutionGuid = {DB19D438-CE7D-47AA-BFC1-D67E48AA2E7C}
	EndGlobalSection
EndGlobal
